// !$*UTF8*$!
{
	archiveVersion = 1;
	classes = {
	};
	objectVersion = 56;
	objects = {

/* Begin PBXBuildFile section */
		960D899229C8BFDE00867786 /* AppDelegate.swift in Sources */ = {isa = PBXBuildFile; fileRef = 960D899129C8BFDE00867786 /* AppDelegate.swift */; };
		960D899429C8BFDE00867786 /* SceneDelegate.swift in Sources */ = {isa = PBXBuildFile; fileRef = 960D899329C8BFDE00867786 /* SceneDelegate.swift */; };
		960D899929C8BFDE00867786 /* Main.storyboard in Resources */ = {isa = PBXBuildFile; fileRef = 960D899729C8BFDE00867786 /* Main.storyboard */; };
		960D899B29C8BFE000867786 /* Assets.xcassets in Resources */ = {isa = PBXBuildFile; fileRef = 960D899A29C8BFE000867786 /* Assets.xcassets */; };
		960D899E29C8BFE000867786 /* LaunchScreen.storyboard in Resources */ = {isa = PBXBuildFile; fileRef = 960D899C29C8BFE000867786 /* LaunchScreen.storyboard */; };
		960D89AA29C8C1A800867786 /* OnboardingViewController.swift in Sources */ = {isa = PBXBuildFile; fileRef = 960D89A929C8C1A800867786 /* OnboardingViewController.swift */; };
		960D89AC29C8C59800867786 /* OnboardingSlide.swift in Sources */ = {isa = PBXBuildFile; fileRef = 960D89AB29C8C59800867786 /* OnboardingSlide.swift */; };
		960D89AE29C8CCF200867786 /* OnboardingCollectionViewCell.swift in Sources */ = {isa = PBXBuildFile; fileRef = 960D89AD29C8CCF200867786 /* OnboardingCollectionViewCell.swift */; };
		960D89B329CAF9B200867786 /* HomeViewController.swift in Sources */ = {isa = PBXBuildFile; fileRef = 960D89B229CAF9B200867786 /* HomeViewController.swift */; };
		960D89C129CEFC2C00867786 /* Models.swift in Sources */ = {isa = PBXBuildFile; fileRef = 960D89C029CEFC2C00867786 /* Models.swift */; };
		960D89D329D1FC2C00867786 /* FeaturedCell.swift in Sources */ = {isa = PBXBuildFile; fileRef = 960D89D229D1FC2C00867786 /* FeaturedCell.swift */; };
		960D89D529D3510100867786 /* RecommendedCell .swift in Sources */ = {isa = PBXBuildFile; fileRef = 960D89D429D3510100867786 /* RecommendedCell .swift */; };
		960D89D729D352B000867786 /* CategoriesCell.swift in Sources */ = {isa = PBXBuildFile; fileRef = 960D89D629D352B000867786 /* CategoriesCell.swift */; };
		960D89D929D58A6100867786 /* DetailedViewController.swift in Sources */ = {isa = PBXBuildFile; fileRef = 960D89D829D58A6100867786 /* DetailedViewController.swift */; };
		960D89DB29D5B8D800867786 /* GetApiImage.swift in Sources */ = {isa = PBXBuildFile; fileRef = 960D89DA29D5B8D800867786 /* GetApiImage.swift */; };
		960D89DD29D743E200867786 /* CategoryCollectionView.swift in Sources */ = {isa = PBXBuildFile; fileRef = 960D89DC29D743E200867786 /* CategoryCollectionView.swift */; };
		960D89DF29D74B2700867786 /* CategoryCollectionCell.swift in Sources */ = {isa = PBXBuildFile; fileRef = 960D89DE29D74B2700867786 /* CategoryCollectionCell.swift */; };
		9E4838E72A0D576300AD537C /* NewSearchViewController.swift in Sources */ = {isa = PBXBuildFile; fileRef = 9E4838E62A0D576300AD537C /* NewSearchViewController.swift */; };
		9E4838E92A129B2300AD537C /* SearchCollectionViewCell.swift in Sources */ = {isa = PBXBuildFile; fileRef = 9E4838E82A129B2300AD537C /* SearchCollectionViewCell.swift */; };
		9EB923072A1A342300230F75 /* TopBarViewFile.swift in Sources */ = {isa = PBXBuildFile; fileRef = 9EB923062A1A342300230F75 /* TopBarViewFile.swift */; };
		9EBC14862A1D2234007697A0 /* EvoAboutViewController.swift in Sources */ = {isa = PBXBuildFile; fileRef = 9EBC14852A1D2234007697A0 /* EvoAboutViewController.swift */; };
/* End PBXBuildFile section */

/* Begin PBXFileReference section */
		960D898E29C8BFDE00867786 /* EvoGameAppp.app */ = {isa = PBXFileReference; explicitFileType = wrapper.application; includeInIndex = 0; path = EvoGameAppp.app; sourceTree = BUILT_PRODUCTS_DIR; };
		960D899129C8BFDE00867786 /* AppDelegate.swift */ = {isa = PBXFileReference; lastKnownFileType = sourcecode.swift; path = AppDelegate.swift; sourceTree = "<group>"; };
		960D899329C8BFDE00867786 /* SceneDelegate.swift */ = {isa = PBXFileReference; lastKnownFileType = sourcecode.swift; path = SceneDelegate.swift; sourceTree = "<group>"; };
		960D899829C8BFDE00867786 /* Base */ = {isa = PBXFileReference; lastKnownFileType = file.storyboard; name = Base; path = Base.lproj/Main.storyboard; sourceTree = "<group>"; };
		960D899A29C8BFE000867786 /* Assets.xcassets */ = {isa = PBXFileReference; lastKnownFileType = folder.assetcatalog; path = Assets.xcassets; sourceTree = "<group>"; };
		960D899D29C8BFE000867786 /* Base */ = {isa = PBXFileReference; lastKnownFileType = file.storyboard; name = Base; path = Base.lproj/LaunchScreen.storyboard; sourceTree = "<group>"; };
		960D899F29C8BFE000867786 /* Info.plist */ = {isa = PBXFileReference; lastKnownFileType = text.plist.xml; path = Info.plist; sourceTree = "<group>"; };
		960D89A929C8C1A800867786 /* OnboardingViewController.swift */ = {isa = PBXFileReference; lastKnownFileType = sourcecode.swift; path = OnboardingViewController.swift; sourceTree = "<group>"; };
		960D89AB29C8C59800867786 /* OnboardingSlide.swift */ = {isa = PBXFileReference; lastKnownFileType = sourcecode.swift; path = OnboardingSlide.swift; sourceTree = "<group>"; };
		960D89AD29C8CCF200867786 /* OnboardingCollectionViewCell.swift */ = {isa = PBXFileReference; lastKnownFileType = sourcecode.swift; path = OnboardingCollectionViewCell.swift; sourceTree = "<group>"; };
		960D89B229CAF9B200867786 /* HomeViewController.swift */ = {isa = PBXFileReference; lastKnownFileType = sourcecode.swift; path = HomeViewController.swift; sourceTree = "<group>"; };
		960D89C029CEFC2C00867786 /* Models.swift */ = {isa = PBXFileReference; lastKnownFileType = sourcecode.swift; path = Models.swift; sourceTree = "<group>"; };
		960D89D229D1FC2C00867786 /* FeaturedCell.swift */ = {isa = PBXFileReference; lastKnownFileType = sourcecode.swift; path = FeaturedCell.swift; sourceTree = "<group>"; };
		960D89D429D3510100867786 /* RecommendedCell .swift */ = {isa = PBXFileReference; lastKnownFileType = sourcecode.swift; path = "RecommendedCell .swift"; sourceTree = "<group>"; };
		960D89D629D352B000867786 /* CategoriesCell.swift */ = {isa = PBXFileReference; lastKnownFileType = sourcecode.swift; path = CategoriesCell.swift; sourceTree = "<group>"; };
		960D89D829D58A6100867786 /* DetailedViewController.swift */ = {isa = PBXFileReference; lastKnownFileType = sourcecode.swift; path = DetailedViewController.swift; sourceTree = "<group>"; };
		960D89DA29D5B8D800867786 /* GetApiImage.swift */ = {isa = PBXFileReference; lastKnownFileType = sourcecode.swift; path = GetApiImage.swift; sourceTree = "<group>"; };
		960D89DC29D743E200867786 /* CategoryCollectionView.swift */ = {isa = PBXFileReference; lastKnownFileType = sourcecode.swift; path = CategoryCollectionView.swift; sourceTree = "<group>"; };
		960D89DE29D74B2700867786 /* CategoryCollectionCell.swift */ = {isa = PBXFileReference; lastKnownFileType = sourcecode.swift; path = CategoryCollectionCell.swift; sourceTree = "<group>"; };
		9E4838E62A0D576300AD537C /* NewSearchViewController.swift */ = {isa = PBXFileReference; lastKnownFileType = sourcecode.swift; path = NewSearchViewController.swift; sourceTree = "<group>"; };
		9E4838E82A129B2300AD537C /* SearchCollectionViewCell.swift */ = {isa = PBXFileReference; lastKnownFileType = sourcecode.swift; path = SearchCollectionViewCell.swift; sourceTree = "<group>"; };
		9EB923062A1A342300230F75 /* TopBarViewFile.swift */ = {isa = PBXFileReference; lastKnownFileType = sourcecode.swift; path = TopBarViewFile.swift; sourceTree = "<group>"; };
		9EBC14852A1D2234007697A0 /* EvoAboutViewController.swift */ = {isa = PBXFileReference; lastKnownFileType = sourcecode.swift; path = EvoAboutViewController.swift; sourceTree = "<group>"; };
/* End PBXFileReference section */

/* Begin PBXFrameworksBuildPhase section */
		960D898B29C8BFDE00867786 /* Frameworks */ = {
			isa = PBXFrameworksBuildPhase;
			buildActionMask = 2147483647;
			files = (
			);
			runOnlyForDeploymentPostprocessing = 0;
		};
/* End PBXFrameworksBuildPhase section */

/* Begin PBXGroup section */
		960D898529C8BFDE00867786 = {
			isa = PBXGroup;
			children = (
				960D899029C8BFDE00867786 /* EvoGameAppp */,
				960D898F29C8BFDE00867786 /* Products */,
			);
			sourceTree = "<group>";
		};
		960D898F29C8BFDE00867786 /* Products */ = {
			isa = PBXGroup;
			children = (
				960D898E29C8BFDE00867786 /* EvoGameAppp.app */,
			);
			name = Products;
			sourceTree = "<group>";
		};
		960D899029C8BFDE00867786 /* EvoGameAppp */ = {
			isa = PBXGroup;
			children = (
				960D899129C8BFDE00867786 /* AppDelegate.swift */,
				960D899329C8BFDE00867786 /* SceneDelegate.swift */,
				960D89A529C8C08800867786 /* Models */,
				960D89A629C8C0CB00867786 /* Views  */,
				960D89D829D58A6100867786 /* DetailedViewController.swift */,
				9EB923062A1A342300230F75 /* TopBarViewFile.swift */,
				9E4838E62A0D576300AD537C /* NewSearchViewController.swift */,
				960D89DC29D743E200867786 /* CategoryCollectionView.swift */,
				960D89DE29D74B2700867786 /* CategoryCollectionCell.swift */,
				9E4838E82A129B2300AD537C /* SearchCollectionViewCell.swift */,
				960D899A29C8BFE000867786 /* Assets.xcassets */,
				960D899729C8BFDE00867786 /* Main.storyboard */,
				960D899C29C8BFE000867786 /* LaunchScreen.storyboard */,
				960D899F29C8BFE000867786 /* Info.plist */,
			);
			path = EvoGameAppp;
			sourceTree = "<group>";
		};
		960D89A529C8C08800867786 /* Models */ = {
			isa = PBXGroup;
			children = (
				960D89AB29C8C59800867786 /* OnboardingSlide.swift */,
			);
			path = Models;
			sourceTree = "<group>";
		};
		960D89A629C8C0CB00867786 /* Views  */ = {
			isa = PBXGroup;
			children = (
				960D89A829C8C0FC00867786 /* OnBoarding */,
				960D89B129CAF99A00867786 /* HomeView */,
			);
			path = "Views ";
			sourceTree = "<group>";
		};
		960D89A829C8C0FC00867786 /* OnBoarding */ = {
			isa = PBXGroup;
			children = (
				960D89A929C8C1A800867786 /* OnboardingViewController.swift */,
				960D89AD29C8CCF200867786 /* OnboardingCollectionViewCell.swift */,
			);
			path = OnBoarding;
			sourceTree = "<group>";
		};
		960D89B129CAF99A00867786 /* HomeView */ = {
			isa = PBXGroup;
			children = (
				960D89B229CAF9B200867786 /* HomeViewController.swift */,
				9EBC14852A1D2234007697A0 /* EvoAboutViewController.swift */,
				960D89DA29D5B8D800867786 /* GetApiImage.swift */,
				960D89C029CEFC2C00867786 /* Models.swift */,
				960D89D229D1FC2C00867786 /* FeaturedCell.swift */,
				960D89D429D3510100867786 /* RecommendedCell .swift */,
				960D89D629D352B000867786 /* CategoriesCell.swift */,
			);
			path = HomeView;
			sourceTree = "<group>";
		};
/* End PBXGroup section */

/* Begin PBXNativeTarget section */
		960D898D29C8BFDE00867786 /* EvoGameAppp */ = {
			isa = PBXNativeTarget;
			buildConfigurationList = 960D89A229C8BFE000867786 /* Build configuration list for PBXNativeTarget "EvoGameAppp" */;
			buildPhases = (
				960D898A29C8BFDE00867786 /* Sources */,
				960D898B29C8BFDE00867786 /* Frameworks */,
				960D898C29C8BFDE00867786 /* Resources */,
			);
			buildRules = (
			);
			dependencies = (
			);
			name = EvoGameAppp;
			productName = EvoGameAppp;
			productReference = 960D898E29C8BFDE00867786 /* EvoGameAppp.app */;
			productType = "com.apple.product-type.application";
		};
/* End PBXNativeTarget section */

/* Begin PBXProject section */
		960D898629C8BFDE00867786 /* Project object */ = {
			isa = PBXProject;
			attributes = {
				BuildIndependentTargetsInParallel = 1;
				LastSwiftUpdateCheck = 1420;
				LastUpgradeCheck = 1420;
				TargetAttributes = {
					960D898D29C8BFDE00867786 = {
						CreatedOnToolsVersion = 14.2;
					};
				};
			};
			buildConfigurationList = 960D898929C8BFDE00867786 /* Build configuration list for PBXProject "EvoGameAppp" */;
			compatibilityVersion = "Xcode 14.0";
			developmentRegion = en;
			hasScannedForEncodings = 0;
			knownRegions = (
				en,
				Base,
			);
			mainGroup = 960D898529C8BFDE00867786;
			productRefGroup = 960D898F29C8BFDE00867786 /* Products */;
			projectDirPath = "";
			projectRoot = "";
			targets = (
				960D898D29C8BFDE00867786 /* EvoGameAppp */,
			);
		};
/* End PBXProject section */

/* Begin PBXResourcesBuildPhase section */
		960D898C29C8BFDE00867786 /* Resources */ = {
			isa = PBXResourcesBuildPhase;
			buildActionMask = 2147483647;
			files = (
				960D899E29C8BFE000867786 /* LaunchScreen.storyboard in Resources */,
				960D899B29C8BFE000867786 /* Assets.xcassets in Resources */,
				960D899929C8BFDE00867786 /* Main.storyboard in Resources */,
			);
			runOnlyForDeploymentPostprocessing = 0;
		};
/* End PBXResourcesBuildPhase section */

/* Begin PBXSourcesBuildPhase section */
		960D898A29C8BFDE00867786 /* Sources */ = {
			isa = PBXSourcesBuildPhase;
			buildActionMask = 2147483647;
			files = (
				960D89C129CEFC2C00867786 /* Models.swift in Sources */,
				960D89DB29D5B8D800867786 /* GetApiImage.swift in Sources */,
				960D89DF29D74B2700867786 /* CategoryCollectionCell.swift in Sources */,
				960D89AC29C8C59800867786 /* OnboardingSlide.swift in Sources */,
				960D899229C8BFDE00867786 /* AppDelegate.swift in Sources */,
				9E4838E72A0D576300AD537C /* NewSearchViewController.swift in Sources */,
				9E4838E92A129B2300AD537C /* SearchCollectionViewCell.swift in Sources */,
				960D89DD29D743E200867786 /* CategoryCollectionView.swift in Sources */,
				960D89D929D58A6100867786 /* DetailedViewController.swift in Sources */,
				960D89D529D3510100867786 /* RecommendedCell .swift in Sources */,
				960D89AE29C8CCF200867786 /* OnboardingCollectionViewCell.swift in Sources */,
				9EBC14862A1D2234007697A0 /* EvoAboutViewController.swift in Sources */,
				9EB923072A1A342300230F75 /* TopBarViewFile.swift in Sources */,
				960D899429C8BFDE00867786 /* SceneDelegate.swift in Sources */,
				960D89AA29C8C1A800867786 /* OnboardingViewController.swift in Sources */,
				960D89D729D352B000867786 /* CategoriesCell.swift in Sources */,
				960D89D329D1FC2C00867786 /* FeaturedCell.swift in Sources */,
				960D89B329CAF9B200867786 /* HomeViewController.swift in Sources */,
			);
			runOnlyForDeploymentPostprocessing = 0;
		};
/* End PBXSourcesBuildPhase section */

/* Begin PBXVariantGroup section */
		960D899729C8BFDE00867786 /* Main.storyboard */ = {
			isa = PBXVariantGroup;
			children = (
				960D899829C8BFDE00867786 /* Base */,
			);
			name = Main.storyboard;
			sourceTree = "<group>";
		};
		960D899C29C8BFE000867786 /* LaunchScreen.storyboard */ = {
			isa = PBXVariantGroup;
			children = (
				960D899D29C8BFE000867786 /* Base */,
			);
			name = LaunchScreen.storyboard;
			sourceTree = "<group>";
		};
/* End PBXVariantGroup section */

/* Begin XCBuildConfiguration section */
		960D89A029C8BFE000867786 /* Debug */ = {
			isa = XCBuildConfiguration;
			buildSettings = {
				ALWAYS_SEARCH_USER_PATHS = NO;
				CLANG_ANALYZER_NONNULL = YES;
				CLANG_ANALYZER_NUMBER_OBJECT_CONVERSION = YES_AGGRESSIVE;
				CLANG_CXX_LANGUAGE_STANDARD = "gnu++20";
				CLANG_ENABLE_MODULES = YES;
				CLANG_ENABLE_OBJC_ARC = YES;
				CLANG_ENABLE_OBJC_WEAK = YES;
				CLANG_WARN_BLOCK_CAPTURE_AUTORELEASING = YES;
				CLANG_WARN_BOOL_CONVERSION = YES;
				CLANG_WARN_COMMA = YES;
				CLANG_WARN_CONSTANT_CONVERSION = YES;
				CLANG_WARN_DEPRECATED_OBJC_IMPLEMENTATIONS = YES;
				CLANG_WARN_DIRECT_OBJC_ISA_USAGE = YES_ERROR;
				CLANG_WARN_DOCUMENTATION_COMMENTS = YES;
				CLANG_WARN_EMPTY_BODY = YES;
				CLANG_WARN_ENUM_CONVERSION = YES;
				CLANG_WARN_INFINITE_RECURSION = YES;
				CLANG_WARN_INT_CONVERSION = YES;
				CLANG_WARN_NON_LITERAL_NULL_CONVERSION = YES;
				CLANG_WARN_OBJC_IMPLICIT_RETAIN_SELF = YES;
				CLANG_WARN_OBJC_LITERAL_CONVERSION = YES;
				CLANG_WARN_OBJC_ROOT_CLASS = YES_ERROR;
				CLANG_WARN_QUOTED_INCLUDE_IN_FRAMEWORK_HEADER = YES;
				CLANG_WARN_RANGE_LOOP_ANALYSIS = YES;
				CLANG_WARN_STRICT_PROTOTYPES = YES;
				CLANG_WARN_SUSPICIOUS_MOVE = YES;
				CLANG_WARN_UNGUARDED_AVAILABILITY = YES_AGGRESSIVE;
				CLANG_WARN_UNREACHABLE_CODE = YES;
				CLANG_WARN__DUPLICATE_METHOD_MATCH = YES;
				COPY_PHASE_STRIP = NO;
				DEBUG_INFORMATION_FORMAT = dwarf;
				ENABLE_STRICT_OBJC_MSGSEND = YES;
				ENABLE_TESTABILITY = YES;
				GCC_C_LANGUAGE_STANDARD = gnu11;
				GCC_DYNAMIC_NO_PIC = NO;
				GCC_NO_COMMON_BLOCKS = YES;
				GCC_OPTIMIZATION_LEVEL = 0;
				GCC_PREPROCESSOR_DEFINITIONS = (
					"DEBUG=1",
					"$(inherited)",
				);
				GCC_WARN_64_TO_32_BIT_CONVERSION = YES;
				GCC_WARN_ABOUT_RETURN_TYPE = YES_ERROR;
				GCC_WARN_UNDECLARED_SELECTOR = YES;
				GCC_WARN_UNINITIALIZED_AUTOS = YES_AGGRESSIVE;
				GCC_WARN_UNUSED_FUNCTION = YES;
				GCC_WARN_UNUSED_VARIABLE = YES;
				IPHONEOS_DEPLOYMENT_TARGET = 13.0;
				MTL_ENABLE_DEBUG_INFO = INCLUDE_SOURCE;
				MTL_FAST_MATH = YES;
				ONLY_ACTIVE_ARCH = YES;
				SDKROOT = iphoneos;
				SWIFT_ACTIVE_COMPILATION_CONDITIONS = DEBUG;
				SWIFT_OPTIMIZATION_LEVEL = "-Onone";
			};
			name = Debug;
		};
		960D89A129C8BFE000867786 /* Release */ = {
			isa = XCBuildConfiguration;
			buildSettings = {
				ALWAYS_SEARCH_USER_PATHS = NO;
				CLANG_ANALYZER_NONNULL = YES;
				CLANG_ANALYZER_NUMBER_OBJECT_CONVERSION = YES_AGGRESSIVE;
				CLANG_CXX_LANGUAGE_STANDARD = "gnu++20";
				CLANG_ENABLE_MODULES = YES;
				CLANG_ENABLE_OBJC_ARC = YES;
				CLANG_ENABLE_OBJC_WEAK = YES;
				CLANG_WARN_BLOCK_CAPTURE_AUTORELEASING = YES;
				CLANG_WARN_BOOL_CONVERSION = YES;
				CLANG_WARN_COMMA = YES;
				CLANG_WARN_CONSTANT_CONVERSION = YES;
				CLANG_WARN_DEPRECATED_OBJC_IMPLEMENTATIONS = YES;
				CLANG_WARN_DIRECT_OBJC_ISA_USAGE = YES_ERROR;
				CLANG_WARN_DOCUMENTATION_COMMENTS = YES;
				CLANG_WARN_EMPTY_BODY = YES;
				CLANG_WARN_ENUM_CONVERSION = YES;
				CLANG_WARN_INFINITE_RECURSION = YES;
				CLANG_WARN_INT_CONVERSION = YES;
				CLANG_WARN_NON_LITERAL_NULL_CONVERSION = YES;
				CLANG_WARN_OBJC_IMPLICIT_RETAIN_SELF = YES;
				CLANG_WARN_OBJC_LITERAL_CONVERSION = YES;
				CLANG_WARN_OBJC_ROOT_CLASS = YES_ERROR;
				CLANG_WARN_QUOTED_INCLUDE_IN_FRAMEWORK_HEADER = YES;
				CLANG_WARN_RANGE_LOOP_ANALYSIS = YES;
				CLANG_WARN_STRICT_PROTOTYPES = YES;
				CLANG_WARN_SUSPICIOUS_MOVE = YES;
				CLANG_WARN_UNGUARDED_AVAILABILITY = YES_AGGRESSIVE;
				CLANG_WARN_UNREACHABLE_CODE = YES;
				CLANG_WARN__DUPLICATE_METHOD_MATCH = YES;
				COPY_PHASE_STRIP = NO;
				DEBUG_INFORMATION_FORMAT = "dwarf-with-dsym";
				ENABLE_NS_ASSERTIONS = NO;
				ENABLE_STRICT_OBJC_MSGSEND = YES;
				GCC_C_LANGUAGE_STANDARD = gnu11;
				GCC_NO_COMMON_BLOCKS = YES;
				GCC_WARN_64_TO_32_BIT_CONVERSION = YES;
				GCC_WARN_ABOUT_RETURN_TYPE = YES_ERROR;
				GCC_WARN_UNDECLARED_SELECTOR = YES;
				GCC_WARN_UNINITIALIZED_AUTOS = YES_AGGRESSIVE;
				GCC_WARN_UNUSED_FUNCTION = YES;
				GCC_WARN_UNUSED_VARIABLE = YES;
				IPHONEOS_DEPLOYMENT_TARGET = 13.0;
				MTL_ENABLE_DEBUG_INFO = NO;
				MTL_FAST_MATH = YES;
				SDKROOT = iphoneos;
				SWIFT_COMPILATION_MODE = wholemodule;
				SWIFT_OPTIMIZATION_LEVEL = "-O";
				VALIDATE_PRODUCT = YES;
			};
			name = Release;
		};
		960D89A329C8BFE000867786 /* Debug */ = {
			isa = XCBuildConfiguration;
			buildSettings = {
				ASSETCATALOG_COMPILER_APPICON_NAME = AppIcon;
				ASSETCATALOG_COMPILER_GLOBAL_ACCENT_COLOR_NAME = AccentColor;
				CODE_SIGN_STYLE = Automatic;
				CURRENT_PROJECT_VERSION = 1;
				DEVELOPMENT_TEAM = 29M4S87GY3;
				GENERATE_INFOPLIST_FILE = YES;
				INFOPLIST_FILE = EvoGameAppp/Info.plist;
				INFOPLIST_KEY_LSApplicationCategoryType = "";
				INFOPLIST_KEY_UIApplicationSupportsIndirectInputEvents = YES;
				INFOPLIST_KEY_UILaunchStoryboardName = LaunchScreen;
				INFOPLIST_KEY_UIMainStoryboardFile = Main;
				INFOPLIST_KEY_UISupportedInterfaceOrientations = "UIInterfaceOrientationLandscapeLeft UIInterfaceOrientationLandscapeRight";
				LD_RUNPATH_SEARCH_PATHS = (
					"$(inherited)",
					"@executable_path/Frameworks",
				);
				MARKETING_VERSION = 1.0;
				PRODUCT_BUNDLE_IDENTIFIER = com.ashish.EvoGameAppp;
				PRODUCT_NAME = "$(TARGET_NAME)";
				SWIFT_EMIT_LOC_STRINGS = YES;
				SWIFT_VERSION = 5.0;
				TARGETED_DEVICE_FAMILY = "1,2";
			};
			name = Debug;
		};
		960D89A429C8BFE000867786 /* Release */ = {
			isa = XCBuildConfiguration;
			buildSettings = {
				ASSETCATALOG_COMPILER_APPICON_NAME = AppIcon;
				ASSETCATALOG_COMPILER_GLOBAL_ACCENT_COLOR_NAME = AccentColor;
				CODE_SIGN_STYLE = Automatic;
				CURRENT_PROJECT_VERSION = 1;
				DEVELOPMENT_TEAM = 29M4S87GY3;
				GENERATE_INFOPLIST_FILE = YES;
				INFOPLIST_FILE = EvoGameAppp/Info.plist;
				INFOPLIST_KEY_LSApplicationCategoryType = "";
				INFOPLIST_KEY_UIApplicationSupportsIndirectInputEvents = YES;
				INFOPLIST_KEY_UILaunchStoryboardName = LaunchScreen;
				INFOPLIST_KEY_UIMainStoryboardFile = Main;
				INFOPLIST_KEY_UISupportedInterfaceOrientations = "UIInterfaceOrientationLandscapeLeft UIInterfaceOrientationLandscapeRight";
				LD_RUNPATH_SEARCH_PATHS = (
					"$(inherited)",
					"@executable_path/Frameworks",
				);
				MARKETING_VERSION = 1.0;
				PRODUCT_BUNDLE_IDENTIFIER = com.ashish.EvoGameAppp;
				PRODUCT_NAME = "$(TARGET_NAME)";
				SWIFT_EMIT_LOC_STRINGS = YES;
				SWIFT_VERSION = 5.0;
				TARGETED_DEVICE_FAMILY = "1,2";
			};
			name = Release;
		};
/* End XCBuildConfiguration section */

/* Begin XCConfigurationList section */
		960D898929C8BFDE00867786 /* Build configuration list for PBXProject "EvoGameAppp" */ = {
			isa = XCConfigurationList;
			buildConfigurations = (
				960D89A029C8BFE000867786 /* Debug */,
				960D89A129C8BFE000867786 /* Release */,
			);
			defaultConfigurationIsVisible = 0;
			defaultConfigurationName = Release;
		};
		960D89A229C8BFE000867786 /* Build configuration list for PBXNativeTarget "EvoGameAppp" */ = {
			isa = XCConfigurationList;
			buildConfigurations = (
				960D89A329C8BFE000867786 /* Debug */,
				960D89A429C8BFE000867786 /* Release */,
			);
			defaultConfigurationIsVisible = 0;
			defaultConfigurationName = Release;
		};
/* End XCConfigurationList section */
	};
	rootObject = 960D898629C8BFDE00867786 /* Project object */;
}
